
Microsoft Visual Studio Solution File, Format Version 12.00
# Visual Studio Version 16
VisualStudioVersion = 16.0.31402.337
MinimumVisualStudioVersion = 10.0.40219.1
Project("{9A19103F-16F7-4668-BE54-9A1E7A4F7556}") = "GMCHPatientImagesAPI", "GMCHPatientImagesAPI.csproj", "{7D614EAB-72ED-4E72-9526-F6B42C9FE44B}"
EndProject
Project("{9A19103F-16F7-4668-BE54-9A1E7A4F7556}") = "GMCHPatientImagesDtos", "..\GMCHPatientImagesDtos\GMCHPatientImagesDtos\GMCHPatientImagesDtos.csproj", "{3EFC10B5-96D8-46FF-9CAA-2FA657391C47}"
EndProject
Project("{9A19103F-16F7-4668-BE54-9A1E7A4F7556}") = "GMCHPatientImagesFramework", "..\GMCHPatientImagesFramework\GMCHPatientImagesFramework\GMCHPatientImagesFramework.csproj", "{9FC48DB5-69F3-42DA-BF44-764E4731990A}"
EndProject
Global
	GlobalSection(SolutionConfigurationPlatforms) = preSolution
		Debug|Any CPU = Debug|Any CPU
		Release|Any CPU = Release|Any CPU
	EndGlobalSection
	GlobalSection(ProjectConfigurationPlatforms) = postSolution
		{7D614EAB-72ED-4E72-9526-F6B42C9FE44B}.Debug|Any CPU.ActiveCfg = Debug|Any CPU
		{7D614EAB-72ED-4E72-9526-F6B42C9FE44B}.Debug|Any CPU.Build.0 = Debug|Any CPU
		{7D614EAB-72ED-4E72-9526-F6B42C9FE44B}.Release|Any CPU.ActiveCfg = Release|Any CPU
		{7D614EAB-72ED-4E72-9526-F6B42C9FE44B}.Release|Any CPU.Build.0 = Release|Any CPU
		{3EFC10B5-96D8-46FF-9CAA-2FA657391C47}.Debug|Any CPU.ActiveCfg = Debug|Any CPU
		{3EFC10B5-96D8-46FF-9CAA-2FA657391C47}.Debug|Any CPU.Build.0 = Debug|Any CPU
		{3EFC10B5-96D8-46FF-9CAA-2FA657391C47}.Release|Any CPU.ActiveCfg = Release|Any CPU
		{3EFC10B5-96D8-46FF-9CAA-2FA657391C47}.Release|Any CPU.Build.0 = Release|Any CPU
		{9FC48DB5-69F3-42DA-BF44-764E4731990A}.Debug|Any CPU.ActiveCfg = Debug|Any CPU
		{9FC48DB5-69F3-42DA-BF44-764E4731990A}.Debug|Any CPU.Build.0 = Debug|Any CPU
		{9FC48DB5-69F3-42DA-BF44-764E4731990A}.Release|Any CPU.ActiveCfg = Release|Any CPU
		{9FC48DB5-69F3-42DA-BF44-764E4731990A}.Release|Any CPU.Build.0 = Release|Any CPU
	EndGlobalSection
	GlobalSection(SolutionProperties) = preSolution
		HideSolutionNode = FALSE
	EndGlobalSection
	GlobalSection(ExtensibilityGlobals) = postSolution
		SolutionGuid = {6045B43D-D912-4A9F-8C32-32FE137DA2DD}
	EndGlobalSection
EndGlobal
